
Microsoft Visual Studio Solution File, Format Version 12.00
# Visual Studio 15
VisualStudioVersion = 15.0.27428.2037
MinimumVisualStudioVersion = 10.0.40219.1
Project("{8BC9CEB8-8B4A-11D0-8D11-00A0C91BC942}") = "blockViewer", "blockViewer\blockViewer.vcxproj", "{74F07BDD-835D-455D-B79A-09E8297F5657}"
EndProject
Project("{8BC9CEB8-8B4A-11D0-8D11-00A0C91BC942}") = "LevelLoad", "LevelLoad\LevelLoad.vcxproj", "{7D5747A1-23A5-4803-89D2-117340ECBA4D}"
EndProject
Project("{2150E333-8FDC-42A3-9474-1A3956D46DE8}") = "Solution Items", "Solution Items", "{1DD82AA1-6D34-4D3E-B3A1-68E225F17348}"
	ProjectSection(SolutionItems) = preProject
		build boost with zlib.txt = build boost with zlib.txt
	EndProjectSection
EndProject
Project("{8BC9CEB8-8B4A-11D0-8D11-00A0C91BC942}") = "MCViewer", "MCViewer\MCViewer.vcxproj", "{38F20B33-CF22-49F1-AC0D-8276BEADC44A}"
EndProject
Project("{8BC9CEB8-8B4A-11D0-8D11-00A0C91BC942}") = "DirectXTK_Desktop_2017", "..\DirectXTK11\DirectXTK_Desktop_2017.vcxproj", "{E0B52AE7-E160-4D32-BF3F-910B785E5A8E}"
EndProject
Project("{8BC9CEB8-8B4A-11D0-8D11-00A0C91BC942}") = "NbtViewer", "NbtViewer\NbtViewer.vcxproj", "{337B552D-72F6-4FBD-93B0-FAECC9FCCBC4}"
EndProject
Project("{8BC9CEB8-8B4A-11D0-8D11-00A0C91BC942}") = "DirectXTemplateLib", "DirectXTemplateLib\DirectXTemplateLib.vcxproj", "{4C48BA51-B7D3-4EFC-BE48-EFE19101A9F4}"
EndProject
Project("{8BC9CEB8-8B4A-11D0-8D11-00A0C91BC942}") = "NbtLib", "NbtLib\NbtLib.vcxproj", "{07429D47-E8BD-4948-8DDE-1CC6675C6389}"
EndProject
Project("{8BC9CEB8-8B4A-11D0-8D11-00A0C91BC942}") = "Dx12Viewer", "Dx12Viewer\Dx12Viewer.vcxproj", "{FE9AE08E-5109-4AFD-92E5-453D627CBA51}"
EndProject
Project("{8BC9CEB8-8B4A-11D0-8D11-00A0C91BC942}") = "DX12Lib", "DX12Lib\DX12Lib.vcxproj", "{886A2653-25BE-3D92-AE5B-3A74A53093DC}"
EndProject
Global
	GlobalSection(SolutionConfigurationPlatforms) = preSolution
		Debug|x64 = Debug|x64
		Debug|x86 = Debug|x86
		MinSizeRel|x64 = MinSizeRel|x64
		MinSizeRel|x86 = MinSizeRel|x86
		Release|x64 = Release|x64
		Release|x86 = Release|x86
		RelWithDebInfo|x64 = RelWithDebInfo|x64
		RelWithDebInfo|x86 = RelWithDebInfo|x86
	EndGlobalSection
	GlobalSection(ProjectConfigurationPlatforms) = postSolution
		{74F07BDD-835D-455D-B79A-09E8297F5657}.Debug|x64.ActiveCfg = Debug|x64
		{74F07BDD-835D-455D-B79A-09E8297F5657}.Debug|x64.Build.0 = Debug|x64
		{74F07BDD-835D-455D-B79A-09E8297F5657}.Debug|x86.ActiveCfg = Debug|Win32
		{74F07BDD-835D-455D-B79A-09E8297F5657}.Debug|x86.Build.0 = Debug|Win32
		{74F07BDD-835D-455D-B79A-09E8297F5657}.MinSizeRel|x64.ActiveCfg = Release|x64
		{74F07BDD-835D-455D-B79A-09E8297F5657}.MinSizeRel|x64.Build.0 = Release|x64
		{74F07BDD-835D-455D-B79A-09E8297F5657}.MinSizeRel|x86.ActiveCfg = Release|Win32
		{74F07BDD-835D-455D-B79A-09E8297F5657}.MinSizeRel|x86.Build.0 = Release|Win32
		{74F07BDD-835D-455D-B79A-09E8297F5657}.Release|x64.ActiveCfg = Release|x64
		{74F07BDD-835D-455D-B79A-09E8297F5657}.Release|x64.Build.0 = Release|x64
		{74F07BDD-835D-455D-B79A-09E8297F5657}.Release|x86.ActiveCfg = Release|Win32
		{74F07BDD-835D-455D-B79A-09E8297F5657}.Release|x86.Build.0 = Release|Win32
		{74F07BDD-835D-455D-B79A-09E8297F5657}.RelWithDebInfo|x64.ActiveCfg = Release|x64
		{74F07BDD-835D-455D-B79A-09E8297F5657}.RelWithDebInfo|x64.Build.0 = Release|x64
		{74F07BDD-835D-455D-B79A-09E8297F5657}.RelWithDebInfo|x86.ActiveCfg = Release|Win32
		{74F07BDD-835D-455D-B79A-09E8297F5657}.RelWithDebInfo|x86.Build.0 = Release|Win32
		{7D5747A1-23A5-4803-89D2-117340ECBA4D}.Debug|x64.ActiveCfg = Debug|x64
		{7D5747A1-23A5-4803-89D2-117340ECBA4D}.Debug|x64.Build.0 = Debug|x64
		{7D5747A1-23A5-4803-89D2-117340ECBA4D}.Debug|x86.ActiveCfg = Debug|Win32
		{7D5747A1-23A5-4803-89D2-117340ECBA4D}.Debug|x86.Build.0 = Debug|Win32
		{7D5747A1-23A5-4803-89D2-117340ECBA4D}.MinSizeRel|x64.ActiveCfg = Release|x64
		{7D5747A1-23A5-4803-89D2-117340ECBA4D}.MinSizeRel|x64.Build.0 = Release|x64
		{7D5747A1-23A5-4803-89D2-117340ECBA4D}.MinSizeRel|x86.ActiveCfg = Release|Win32
		{7D5747A1-23A5-4803-89D2-117340ECBA4D}.MinSizeRel|x86.Build.0 = Release|Win32
		{7D5747A1-23A5-4803-89D2-117340ECBA4D}.Release|x64.ActiveCfg = Release|x64
		{7D5747A1-23A5-4803-89D2-117340ECBA4D}.Release|x64.Build.0 = Release|x64
		{7D5747A1-23A5-4803-89D2-117340ECBA4D}.Release|x86.ActiveCfg = Release|Win32
		{7D5747A1-23A5-4803-89D2-117340ECBA4D}.Release|x86.Build.0 = Release|Win32
		{7D5747A1-23A5-4803-89D2-117340ECBA4D}.RelWithDebInfo|x64.ActiveCfg = Release|x64
		{7D5747A1-23A5-4803-89D2-117340ECBA4D}.RelWithDebInfo|x64.Build.0 = Release|x64
		{7D5747A1-23A5-4803-89D2-117340ECBA4D}.RelWithDebInfo|x86.ActiveCfg = Release|Win32
		{7D5747A1-23A5-4803-89D2-117340ECBA4D}.RelWithDebInfo|x86.Build.0 = Release|Win32
		{38F20B33-CF22-49F1-AC0D-8276BEADC44A}.Debug|x64.ActiveCfg = Debug|x64
		{38F20B33-CF22-49F1-AC0D-8276BEADC44A}.Debug|x64.Build.0 = Debug|x64
		{38F20B33-CF22-49F1-AC0D-8276BEADC44A}.Debug|x86.ActiveCfg = Debug|Win32
		{38F20B33-CF22-49F1-AC0D-8276BEADC44A}.Debug|x86.Build.0 = Debug|Win32
		{38F20B33-CF22-49F1-AC0D-8276BEADC44A}.MinSizeRel|x64.ActiveCfg = Release|x64
		{38F20B33-CF22-49F1-AC0D-8276BEADC44A}.MinSizeRel|x64.Build.0 = Release|x64
		{38F20B33-CF22-49F1-AC0D-8276BEADC44A}.MinSizeRel|x86.ActiveCfg = Release|Win32
		{38F20B33-CF22-49F1-AC0D-8276BEADC44A}.MinSizeRel|x86.Build.0 = Release|Win32
		{38F20B33-CF22-49F1-AC0D-8276BEADC44A}.Release|x64.ActiveCfg = Release|x64
		{38F20B33-CF22-49F1-AC0D-8276BEADC44A}.Release|x64.Build.0 = Release|x64
		{38F20B33-CF22-49F1-AC0D-8276BEADC44A}.Release|x86.ActiveCfg = Release|Win32
		{38F20B33-CF22-49F1-AC0D-8276BEADC44A}.Release|x86.Build.0 = Release|Win32
		{38F20B33-CF22-49F1-AC0D-8276BEADC44A}.RelWithDebInfo|x64.ActiveCfg = Release|x64
		{38F20B33-CF22-49F1-AC0D-8276BEADC44A}.RelWithDebInfo|x64.Build.0 = Release|x64
		{38F20B33-CF22-49F1-AC0D-8276BEADC44A}.RelWithDebInfo|x86.ActiveCfg = Release|Win32
		{38F20B33-CF22-49F1-AC0D-8276BEADC44A}.RelWithDebInfo|x86.Build.0 = Release|Win32
		{E0B52AE7-E160-4D32-BF3F-910B785E5A8E}.Debug|x64.ActiveCfg = Debug|x64
		{E0B52AE7-E160-4D32-BF3F-910B785E5A8E}.Debug|x64.Build.0 = Debug|x64
		{E0B52AE7-E160-4D32-BF3F-910B785E5A8E}.Debug|x86.ActiveCfg = Debug|Win32
		{E0B52AE7-E160-4D32-BF3F-910B785E5A8E}.Debug|x86.Build.0 = Debug|Win32
		{E0B52AE7-E160-4D32-BF3F-910B785E5A8E}.MinSizeRel|x64.ActiveCfg = Release|x64
		{E0B52AE7-E160-4D32-BF3F-910B785E5A8E}.MinSizeRel|x64.Build.0 = Release|x64
		{E0B52AE7-E160-4D32-BF3F-910B785E5A8E}.MinSizeRel|x86.ActiveCfg = Release|Win32
		{E0B52AE7-E160-4D32-BF3F-910B785E5A8E}.MinSizeRel|x86.Build.0 = Release|Win32
		{E0B52AE7-E160-4D32-BF3F-910B785E5A8E}.Release|x64.ActiveCfg = Release|x64
		{E0B52AE7-E160-4D32-BF3F-910B785E5A8E}.Release|x64.Build.0 = Release|x64
		{E0B52AE7-E160-4D32-BF3F-910B785E5A8E}.Release|x86.ActiveCfg = Release|Win32
		{E0B52AE7-E160-4D32-BF3F-910B785E5A8E}.Release|x86.Build.0 = Release|Win32
		{E0B52AE7-E160-4D32-BF3F-910B785E5A8E}.RelWithDebInfo|x64.ActiveCfg = Release|x64
		{E0B52AE7-E160-4D32-BF3F-910B785E5A8E}.RelWithDebInfo|x64.Build.0 = Release|x64
		{E0B52AE7-E160-4D32-BF3F-910B785E5A8E}.RelWithDebInfo|x86.ActiveCfg = Release|Win32
		{E0B52AE7-E160-4D32-BF3F-910B785E5A8E}.RelWithDebInfo|x86.Build.0 = Release|Win32
		{337B552D-72F6-4FBD-93B0-FAECC9FCCBC4}.Debug|x64.ActiveCfg = Debug|x64
		{337B552D-72F6-4FBD-93B0-FAECC9FCCBC4}.Debug|x64.Build.0 = Debug|x64
		{337B552D-72F6-4FBD-93B0-FAECC9FCCBC4}.Debug|x86.ActiveCfg = Debug|Win32
		{337B552D-72F6-4FBD-93B0-FAECC9FCCBC4}.Debug|x86.Build.0 = Debug|Win32
		{337B552D-72F6-4FBD-93B0-FAECC9FCCBC4}.MinSizeRel|x64.ActiveCfg = Release|x64
		{337B552D-72F6-4FBD-93B0-FAECC9FCCBC4}.MinSizeRel|x64.Build.0 = Release|x64
		{337B552D-72F6-4FBD-93B0-FAECC9FCCBC4}.MinSizeRel|x86.ActiveCfg = Release|Win32
		{337B552D-72F6-4FBD-93B0-FAECC9FCCBC4}.MinSizeRel|x86.Build.0 = Release|Win32
		{337B552D-72F6-4FBD-93B0-FAECC9FCCBC4}.Release|x64.ActiveCfg = Release|x64
		{337B552D-72F6-4FBD-93B0-FAECC9FCCBC4}.Release|x64.Build.0 = Release|x64
		{337B552D-72F6-4FBD-93B0-FAECC9FCCBC4}.Release|x86.ActiveCfg = Release|Win32
		{337B552D-72F6-4FBD-93B0-FAECC9FCCBC4}.Release|x86.Build.0 = Release|Win32
		{337B552D-72F6-4FBD-93B0-FAECC9FCCBC4}.RelWithDebInfo|x64.ActiveCfg = Release|x64
		{337B552D-72F6-4FBD-93B0-FAECC9FCCBC4}.RelWithDebInfo|x64.Build.0 = Release|x64
		{337B552D-72F6-4FBD-93B0-FAECC9FCCBC4}.RelWithDebInfo|x86.ActiveCfg = Release|Win32
		{337B552D-72F6-4FBD-93B0-FAECC9FCCBC4}.RelWithDebInfo|x86.Build.0 = Release|Win32
		{4C48BA51-B7D3-4EFC-BE48-EFE19101A9F4}.Debug|x64.ActiveCfg = Debug|x64
		{4C48BA51-B7D3-4EFC-BE48-EFE19101A9F4}.Debug|x64.Build.0 = Debug|x64
		{4C48BA51-B7D3-4EFC-BE48-EFE19101A9F4}.Debug|x86.ActiveCfg = Debug|Win32
		{4C48BA51-B7D3-4EFC-BE48-EFE19101A9F4}.Debug|x86.Build.0 = Debug|Win32
		{4C48BA51-B7D3-4EFC-BE48-EFE19101A9F4}.MinSizeRel|x64.ActiveCfg = Release|x64
		{4C48BA51-B7D3-4EFC-BE48-EFE19101A9F4}.MinSizeRel|x64.Build.0 = Release|x64
		{4C48BA51-B7D3-4EFC-BE48-EFE19101A9F4}.MinSizeRel|x86.ActiveCfg = Release|Win32
		{4C48BA51-B7D3-4EFC-BE48-EFE19101A9F4}.MinSizeRel|x86.Build.0 = Release|Win32
		{4C48BA51-B7D3-4EFC-BE48-EFE19101A9F4}.Release|x64.ActiveCfg = Release|x64
		{4C48BA51-B7D3-4EFC-BE48-EFE19101A9F4}.Release|x64.Build.0 = Release|x64
		{4C48BA51-B7D3-4EFC-BE48-EFE19101A9F4}.Release|x86.ActiveCfg = Release|Win32
		{4C48BA51-B7D3-4EFC-BE48-EFE19101A9F4}.Release|x86.Build.0 = Release|Win32
		{4C48BA51-B7D3-4EFC-BE48-EFE19101A9F4}.RelWithDebInfo|x64.ActiveCfg = Release|x64
		{4C48BA51-B7D3-4EFC-BE48-EFE19101A9F4}.RelWithDebInfo|x64.Build.0 = Release|x64
		{4C48BA51-B7D3-4EFC-BE48-EFE19101A9F4}.RelWithDebInfo|x86.ActiveCfg = Release|Win32
		{4C48BA51-B7D3-4EFC-BE48-EFE19101A9F4}.RelWithDebInfo|x86.Build.0 = Release|Win32
		{07429D47-E8BD-4948-8DDE-1CC6675C6389}.Debug|x64.ActiveCfg = Debug|x64
		{07429D47-E8BD-4948-8DDE-1CC6675C6389}.Debug|x64.Build.0 = Debug|x64
		{07429D47-E8BD-4948-8DDE-1CC6675C6389}.Debug|x86.ActiveCfg = Debug|Win32
		{07429D47-E8BD-4948-8DDE-1CC6675C6389}.Debug|x86.Build.0 = Debug|Win32
		{07429D47-E8BD-4948-8DDE-1CC6675C6389}.MinSizeRel|x64.ActiveCfg = Release|x64
		{07429D47-E8BD-4948-8DDE-1CC6675C6389}.MinSizeRel|x64.Build.0 = Release|x64
		{07429D47-E8BD-4948-8DDE-1CC6675C6389}.MinSizeRel|x86.ActiveCfg = Release|Win32
		{07429D47-E8BD-4948-8DDE-1CC6675C6389}.MinSizeRel|x86.Build.0 = Release|Win32
		{07429D47-E8BD-4948-8DDE-1CC6675C6389}.Release|x64.ActiveCfg = Release|x64
		{07429D47-E8BD-4948-8DDE-1CC6675C6389}.Release|x64.Build.0 = Release|x64
		{07429D47-E8BD-4948-8DDE-1CC6675C6389}.Release|x86.ActiveCfg = Release|Win32
		{07429D47-E8BD-4948-8DDE-1CC6675C6389}.Release|x86.Build.0 = Release|Win32
		{07429D47-E8BD-4948-8DDE-1CC6675C6389}.RelWithDebInfo|x64.ActiveCfg = Release|x64
		{07429D47-E8BD-4948-8DDE-1CC6675C6389}.RelWithDebInfo|x64.Build.0 = Release|x64
		{07429D47-E8BD-4948-8DDE-1CC6675C6389}.RelWithDebInfo|x86.ActiveCfg = Release|Win32
		{07429D47-E8BD-4948-8DDE-1CC6675C6389}.RelWithDebInfo|x86.Build.0 = Release|Win32
		{FE9AE08E-5109-4AFD-92E5-453D627CBA51}.Debug|x64.ActiveCfg = Debug|x64
		{FE9AE08E-5109-4AFD-92E5-453D627CBA51}.Debug|x64.Build.0 = Debug|x64
		{FE9AE08E-5109-4AFD-92E5-453D627CBA51}.Debug|x86.ActiveCfg = Debug|Win32
		{FE9AE08E-5109-4AFD-92E5-453D627CBA51}.Debug|x86.Build.0 = Debug|Win32
		{FE9AE08E-5109-4AFD-92E5-453D627CBA51}.MinSizeRel|x64.ActiveCfg = Release|x64
		{FE9AE08E-5109-4AFD-92E5-453D627CBA51}.MinSizeRel|x64.Build.0 = Release|x64
		{FE9AE08E-5109-4AFD-92E5-453D627CBA51}.MinSizeRel|x86.ActiveCfg = Release|Win32
		{FE9AE08E-5109-4AFD-92E5-453D627CBA51}.MinSizeRel|x86.Build.0 = Release|Win32
		{FE9AE08E-5109-4AFD-92E5-453D627CBA51}.Release|x64.ActiveCfg = Release|x64
		{FE9AE08E-5109-4AFD-92E5-453D627CBA51}.Release|x64.Build.0 = Release|x64
		{FE9AE08E-5109-4AFD-92E5-453D627CBA51}.Release|x86.ActiveCfg = Release|Win32
		{FE9AE08E-5109-4AFD-92E5-453D627CBA51}.Release|x86.Build.0 = Release|Win32
		{FE9AE08E-5109-4AFD-92E5-453D627CBA51}.RelWithDebInfo|x64.ActiveCfg = Release|x64
		{FE9AE08E-5109-4AFD-92E5-453D627CBA51}.RelWithDebInfo|x64.Build.0 = Release|x64
		{FE9AE08E-5109-4AFD-92E5-453D627CBA51}.RelWithDebInfo|x86.ActiveCfg = Release|Win32
		{FE9AE08E-5109-4AFD-92E5-453D627CBA51}.RelWithDebInfo|x86.Build.0 = Release|Win32
		{886A2653-25BE-3D92-AE5B-3A74A53093DC}.Debug|x64.ActiveCfg = Debug|x64
		{886A2653-25BE-3D92-AE5B-3A74A53093DC}.Debug|x64.Build.0 = Debug|x64
		{886A2653-25BE-3D92-AE5B-3A74A53093DC}.Debug|x86.ActiveCfg = Debug|x64
		{886A2653-25BE-3D92-AE5B-3A74A53093DC}.MinSizeRel|x64.ActiveCfg = MinSizeRel|x64
		{886A2653-25BE-3D92-AE5B-3A74A53093DC}.MinSizeRel|x64.Build.0 = MinSizeRel|x64
		{886A2653-25BE-3D92-AE5B-3A74A53093DC}.MinSizeRel|x86.ActiveCfg = MinSizeRel|x64
		{886A2653-25BE-3D92-AE5B-3A74A53093DC}.Release|x64.ActiveCfg = Release|x64
		{886A2653-25BE-3D92-AE5B-3A74A53093DC}.Release|x64.Build.0 = Release|x64
		{886A2653-25BE-3D92-AE5B-3A74A53093DC}.Release|x86.ActiveCfg = Release|x64
		{886A2653-25BE-3D92-AE5B-3A74A53093DC}.RelWithDebInfo|x64.ActiveCfg = RelWithDebInfo|x64
		{886A2653-25BE-3D92-AE5B-3A74A53093DC}.RelWithDebInfo|x64.Build.0 = RelWithDebInfo|x64
		{886A2653-25BE-3D92-AE5B-3A74A53093DC}.RelWithDebInfo|x86.ActiveCfg = RelWithDebInfo|x64
	EndGlobalSection
	GlobalSection(SolutionProperties) = preSolution
		HideSolutionNode = FALSE
	EndGlobalSection
	GlobalSection(ExtensibilityGlobals) = postSolution
		SolutionGuid = {03339A73-F842-400E-9249-DD7B18BF795B}
	EndGlobalSection
EndGlobal
